
Microsoft Visual Studio Solution File, Format Version 12.00
# Visual Studio Version 17
VisualStudioVersion = 17.11.35208.52
MinimumVisualStudioVersion = 10.0.40219.1
Project("{FAE04EC0-301F-11D3-BF4B-00C04F79EFBC}") = "L01_2022MS651_2022ZR650", "L01_2022MS651_2022ZR650\L01_2022MS651_2022ZR650.csproj", "{7AF8EA38-F49C-4232-B901-4D4CC70956ED}"
EndProject
Global
	GlobalSection(SolutionConfigurationPlatforms) = preSolution
		Debug|Any CPU = Debug|Any CPU
		Release|Any CPU = Release|Any CPU
	EndGlobalSection
	GlobalSection(ProjectConfigurationPlatforms) = postSolution
		{7AF8EA38-F49C-4232-B901-4D4CC70956ED}.Debug|Any CPU.ActiveCfg = Debug|Any CPU
		{7AF8EA38-F49C-4232-B901-4D4CC70956ED}.Debug|Any CPU.Build.0 = Debug|Any CPU
		{7AF8EA38-F49C-4232-B901-4D4CC70956ED}.Release|Any CPU.ActiveCfg = Release|Any CPU
		{7AF8EA38-F49C-4232-B901-4D4CC70956ED}.Release|Any CPU.Build.0 = Release|Any CPU
	EndGlobalSection
	GlobalSection(SolutionProperties) = preSolution
		HideSolutionNode = FALSE
	EndGlobalSection
	GlobalSection(ExtensibilityGlobals) = postSolution
		SolutionGuid = {11B435C6-E53E-452C-838F-F83FE3B8F7F2}
	EndGlobalSection
EndGlobal
